
Microsoft Visual Studio Solution File, Format Version 12.00
# Visual Studio Version 17
VisualStudioVersion = 17.7.34024.191
MinimumVisualStudioVersion = 10.0.40219.1
Project("{FAE04EC0-301F-11D3-BF4B-00C04F79EFBC}") = "sharp", "sharp.csproj", "{6D099025-948D-4370-861E-67333B7A773D}"
EndProject
Global
	GlobalSection(SolutionConfigurationPlatforms) = preSolution
		Debug|Any CPU = Debug|Any CPU
		Release|Any CPU = Release|Any CPU
	EndGlobalSection
	GlobalSection(ProjectConfigurationPlatforms) = postSolution
		{6D099025-948D-4370-861E-67333B7A773D}.Debug|Any CPU.ActiveCfg = Debug|Any CPU
		{6D099025-948D-4370-861E-67333B7A773D}.Debug|Any CPU.Build.0 = Debug|Any CPU
		{6D099025-948D-4370-861E-67333B7A773D}.Release|Any CPU.ActiveCfg = Release|Any CPU
		{6D099025-948D-4370-861E-67333B7A773D}.Release|Any CPU.Build.0 = Release|Any CPU
	EndGlobalSection
	GlobalSection(SolutionProperties) = preSolution
		HideSolutionNode = FALSE
	EndGlobalSection
	GlobalSection(ExtensibilityGlobals) = postSolution
		SolutionGuid = {3ABFDEB5-8661-433E-AEDB-02B6E3BE8558}
	EndGlobalSection
EndGlobal
